<?xml version="1.0" encoding="utf-8"?>
<Project ToolsVersion="4.0" xmlns="http://schemas.microsoft.com/developer/msbuild/2003">
  <ItemGroup>
    <Filter Include="Header Files">
      <UniqueIdentifier>{515a72db-a420-4fc6-ac16-b65cf4827d92}</UniqueIdentifier>
      <Extensions>h;hpp;hxx;hm;inl;fi;fd</Extensions>
    </Filter>
    <Filter Include="Resource Files">
      <UniqueIdentifier>{8f52feaf-c68c-4b83-b9cf-a36cdcbf2484}</UniqueIdentifier>
      <Extensions>ico;cur;bmp;dlg;rc2;rct;bin;cnt;rtf;gif;jpg;jpeg;jpe</Extensions>
    </Filter>
    <Filter Include="Help Files">
      <UniqueIdentifier>{cb7c111f-80d9-4bf6-a1cb-e5ee67582065}</UniqueIdentifier>
    </Filter>
    <Filter Include="Source Files">
      <UniqueIdentifier>{0b88357b-1fe3-4fd0-a47b-2efd71a83739}</UniqueIdentifier>
      <Extensions>cpp;c;cxx;rc;def;r;odl;hpj;bat;for;f90</Extensions>
    </Filter>
    <Filter Include="Shared">
      <UniqueIdentifier>{5675780e-2690-4d87-992e-053930a27288}</UniqueIdentifier>
    </Filter>
  </ItemGroup>
  <ItemGroup>
    <ClInclude Include="Calendar.h">
      <Filter>Header Files</Filter>
    </ClInclude>
    <ClInclude Include="ConfigureDlg.h">
      <Filter>Header Files</Filter>
    </ClInclude>
    <ClInclude Include="MyBands.h">
      <Filter>Header Files</Filter>
    </ClInclude>
    <ClInclude Include="StdAfx.h">
      <Filter>Header Files</Filter>
    </ClInclude>
    <ClInclude Include="resource.h">
      <Filter>Resource Files</Filter>
    </ClInclude>
    <ClInclude Include="targetver.h">
      <Filter>Header Files</Filter>
    </ClInclude>
    <ClInclude Include="Shared\GetProcAddress.h">
      <Filter>Shared</Filter>
    </ClInclude>
    <ClInclude Include="Shared\misc.h">
      <Filter>Shared</Filter>
    </ClInclude>
    <ClInclude Include="Shared\stl.h">
      <Filter>Shared</Filter>
    </ClInclude>
    <ClInclude Include="Shared\ToolTipCtrl.h">
      <Filter>Shared</Filter>
    </ClInclude>
    <ClInclude Include="Shared\utility.h">
      <Filter>Shared</Filter>
    </ClInclude>
    <ClInclude Include="Shared\Aboutdlg.h">
      <Filter>Shared</Filter>
    </ClInclude>
    <ClInclude Include="Shared\ColorChooser.h">
      <Filter>Shared</Filter>
    </ClInclude>
    <ClInclude Include="Shared\internal.h">
      <Filter>Shared</Filter>
    </ClInclude>
    <ClInclude Include="Shared\MyLog.h">
      <Filter>Shared</Filter>
    </ClInclude>
    <ClInclude Include="Shared\skstUtil.h">
      <Filter>Shared</Filter>
    </ClInclude>
    <ClInclude Include="Shared\Graphics_MyMFC.h">
      <Filter>Shared</Filter>
    </ClInclude>
    <ClInclude Include="Shared\Graphics_MyWin.h">
      <Filter>Shared</Filter>
    </ClInclude>
    <ClInclude Include="Shared\Registry.h">
      <Filter>Shared</Filter>
    </ClInclude>
    <ClInclude Include="Shared\Pmslib.h">
      <Filter>Shared</Filter>
    </ClInclude>
    <ClInclude Include="Shared\VersionInfo.h">
      <Filter>Shared</Filter>
    </ClInclude>
    <ClInclude Include="Shared\PMSRes.h">
      <Filter>Shared</Filter>
    </ClInclude>
    <ClInclude Include="Shared\StaticColor.h">
      <Filter>Shared</Filter>
    </ClInclude>
    <ClInclude Include="Shared\RegistryMonitor.h">
      <Filter>Shared</Filter>
    </ClInclude>
    <ClInclude Include="Shared\skstTools.h">
      <Filter>Shared</Filter>
    </ClInclude>
    <ClInclude Include="Shared\StatLink.h">
      <Filter>Shared</Filter>
    </ClInclude>
  </ItemGroup>
  <ItemGroup>
    <None Include="res\about.ico">
      <Filter>Resource Files</Filter>
    </None>
    <None Include="res\arrow_r.bmp">
      <Filter>Resource Files</Filter>
    </None>
    <None Include="res\BandEnable.bmp">
      <Filter>Resource Files</Filter>
    </None>
    <None Include="..\common\res\company.bmp">
      <Filter>Resource Files</Filter>
    </None>
    <None Include="res\company_logo.bmp">
      <Filter>Resource Files</Filter>
    </None>
    <None Include="res\datetime.ico">
      <Filter>Resource Files</Filter>
    </None>
    <None Include="RES\finger.cur">
      <Filter>Resource Files</Filter>
    </None>
    <None Include="help\Timekeeper.htm">
      <Filter>Help Files</Filter>
    </None>
    <None Include="Timekeeper.def">
      <Filter>Source Files</Filter>
    </None>
    <None Include="..\Library\COMtoys\BandObj.rgs" />
    <None Include="Features.txt" />
    <None Include="Shared\Finger.cur">
      <Filter>Shared</Filter>
    </None>
    <None Include="Shared\PMSRes.rc">
      <Filter>Source Files</Filter>
    </None>
  </ItemGroup>
  <ItemGroup>
    <ResourceCompile Include="Timekeeper.rc">
      <Filter>Resource Files</Filter>
    </ResourceCompile>
  </ItemGroup>
  <ItemGroup>
    <ClCompile Include="Calendar.cpp">
      <Filter>Source Files</Filter>
    </ClCompile>
    <ClCompile Include="ConfigureDlg.cpp">
      <Filter>Source Files</Filter>
    </ClCompile>
    <ClCompile Include="MyBands.cpp">
      <Filter>Source Files</Filter>
    </ClCompile>
    <ClCompile Include="StdAfx.cpp">
      <Filter>Source Files</Filter>
    </ClCompile>
    <ClCompile Include="Shared\misc.cpp">
      <Filter>Shared</Filter>
    </ClCompile>
    <ClCompile Include="Shared\ToolTipCtrl.cpp">
      <Filter>Shared</Filter>
    </ClCompile>
    <ClCompile Include="Shared\utility.cpp">
      <Filter>Shared</Filter>
    </ClCompile>
    <ClCompile Include="Shared\Aboutdlg.cpp">
      <Filter>Shared</Filter>
    </ClCompile>
    <ClCompile Include="Shared\ColorChooser.cpp">
      <Filter>Shared</Filter>
    </ClCompile>
    <ClCompile Include="Shared\MyLog.cpp">
      <Filter>Shared</Filter>
    </ClCompile>
    <ClCompile Include="Shared\Graphics_MyMFC.cpp">
      <Filter>Shared</Filter>
    </ClCompile>
    <ClCompile Include="Shared\Graphics_MyWin.cpp">
      <Filter>Shared</Filter>
    </ClCompile>
    <ClCompile Include="Shared\Registry.cpp">
      <Filter>Shared</Filter>
    </ClCompile>
    <ClCompile Include="Shared\VersionInfo.cpp">
      <Filter>Shared</Filter>
    </ClCompile>
    <ClCompile Include="Shared\StaticColor.cpp">
      <Filter>Shared</Filter>
    </ClCompile>
    <ClCompile Include="Shared\RegistryMonitor.cpp">
      <Filter>Shared</Filter>
    </ClCompile>
    <ClCompile Include="Shared\Helper.cpp">
      <Filter>Shared</Filter>
    </ClCompile>
    <ClCompile Include="Shared\StatLink.cpp">
      <Filter>Shared</Filter>
    </ClCompile>
  </ItemGroup>
  <ItemGroup>
    <Image Include="Shared\12noon.bmp">
      <Filter>Shared</Filter>
    </Image>
  </ItemGroup>
</Project>